# THIS IS AN AUTOGENERATED FILE. DO NOT EDIT THIS FILE DIRECTLY.
# yarn lockfile v1


"@babel/code-frame@^7.22.13":
  version "7.26.0"
  resolved "https://registry.yarnpkg.com/@babel/code-frame/-/code-frame-7.26.0.tgz#9374b5cd068d128dac0b94ff482594273b1c2815"
  integrity sha512-INCKxTtbXtcNbUZ3YXutwMpEleqttcswhAdee7dhuoVrD2cnuc3PqtERBtxkX5nziX9vnBL8WXmSGwv8CuPV6g==
  dependencies:
    "@babel/helper-validator-identifier" "^7.25.9"
    js-tokens "^4.0.0"
    picocolors "^1.0.0"

"@babel/helper-validator-identifier@^7.25.9":
  version "7.25.9"
  resolved "https://registry.yarnpkg.com/@babel/helper-validator-identifier/-/helper-validator-identifier-7.25.9.tgz#24b64e2c3ec7cd3b3c547729b8d16871f22cbdc7"
  integrity sha512-Ed61U6XJc3CVRfkERJWDz4dJwKe7iLmmJsbOGu9wSloNSFttHV0I8g6UAgb7qnK5ly5bGLPd4oXZlxCdANBOWQ==

"@chevrotain/cst-dts-gen@11.0.3":
  version "11.0.3"
  resolved "https://registry.yarnpkg.com/@chevrotain/cst-dts-gen/-/cst-dts-gen-11.0.3.tgz#5e0863cc57dc45e204ccfee6303225d15d9d4783"
  integrity sha512-BvIKpRLeS/8UbfxXxgC33xOumsacaeCKAjAeLyOn7Pcp95HiRbrpl14S+9vaZLolnbssPIUuiUd8IvgkRyt6NQ==
  dependencies:
    "@chevrotain/gast" "11.0.3"
    "@chevrotain/types" "11.0.3"
    lodash-es "4.17.21"

"@chevrotain/gast@11.0.3":
  version "11.0.3"
  resolved "https://registry.yarnpkg.com/@chevrotain/gast/-/gast-11.0.3.tgz#e84d8880323fe8cbe792ef69ce3ffd43a936e818"
  integrity sha512-+qNfcoNk70PyS/uxmj3li5NiECO+2YKZZQMbmjTqRI3Qchu8Hig/Q9vgkHpI3alNjr7M+a2St5pw5w5F6NL5/Q==
  dependencies:
    "@chevrotain/types" "11.0.3"
    lodash-es "4.17.21"

"@chevrotain/regexp-to-ast@11.0.3":
  version "11.0.3"
  resolved "https://registry.yarnpkg.com/@chevrotain/regexp-to-ast/-/regexp-to-ast-11.0.3.tgz#11429a81c74a8e6a829271ce02fc66166d56dcdb"
  integrity sha512-1fMHaBZxLFvWI067AVbGJav1eRY7N8DDvYCTwGBiE/ytKBgP8azTdgyrKyWZ9Mfh09eHWb5PgTSO8wi7U824RA==

"@chevrotain/types@11.0.3":
  version "11.0.3"
  resolved "https://registry.yarnpkg.com/@chevrotain/types/-/types-11.0.3.tgz#f8a03914f7b937f594f56eb89312b3b8f1c91848"
  integrity sha512-gsiM3G8b58kZC2HaWR50gu6Y1440cHiJ+i3JUvcp/35JchYejb2+5MVeJK0iKThYpAa/P2PYFV4hoi44HD+aHQ==

"@chevrotain/utils@11.0.3":
  version "11.0.3"
  resolved "https://registry.yarnpkg.com/@chevrotain/utils/-/utils-11.0.3.tgz#e39999307b102cff3645ec4f5b3665f5297a2224"
  integrity sha512-YslZMgtJUyuMbZ+aKvfF3x1f5liK4mWNxghFRv7jqRR9C3R3fAOGTTKvxXDa2Y1s9zSbcpuO0cAxDYsc9SrXoQ==

"@conventional-changelog/git-client@^1.0.0":
  version "1.0.1"
  resolved "https://registry.yarnpkg.com/@conventional-changelog/git-client/-/git-client-1.0.1.tgz#143be2777ba389c3c14f83fa19b7cab6a49a503b"
  integrity sha512-PJEqBwAleffCMETaVm/fUgHldzBE35JFk3/9LL6NUA5EXa3qednu+UT6M7E5iBu3zIQZCULYIiZ90fBYHt6xUw==
  dependencies:
    "@types/semver" "^7.5.5"
    semver "^7.5.2"

"@hutson/parse-repository-url@^5.0.0":
  version "5.0.0"
  resolved "https://registry.yarnpkg.com/@hutson/parse-repository-url/-/parse-repository-url-5.0.0.tgz#bf344cc75136039bc41bcf5d1ddbcb40405fca3b"
  integrity sha512-e5+YUKENATs1JgYHMzTr2MW/NDcXGfYFAuOQU8gJgF/kEh4EqKgfGrfLI67bMD4tbhZVlkigz/9YYwWcbOFthg==

"@types/normalize-package-data@^2.4.3":
  version "2.4.4"
  resolved "https://registry.yarnpkg.com/@types/normalize-package-data/-/normalize-package-data-2.4.4.tgz#56e2cc26c397c038fab0e3a917a12d5c5909e901"
  integrity sha512-37i+OaWTh9qeK4LSHPsyRC7NahnGotNuZvjLSgcPzblpHB3rrCJxAOgI5gCdKm7coonsaX1Of0ILiTcnZjbfxA==

"@types/semver@^7.5.5":
  version "7.5.8"
  resolved "https://registry.yarnpkg.com/@types/semver/-/semver-7.5.8.tgz#8268a8c57a3e4abd25c165ecd36237db7948a55e"
  integrity sha512-I8EUhyrgfLrcTkzV3TSsGyl1tSuPrEDzr0yd5m90UgNxQkyDXULk3b6MlQqTCpZpNtWe1K0hzclnZkTcLBe2UQ==

add-stream@^1.0.0:
  version "1.0.0"
  resolved "https://registry.yarnpkg.com/add-stream/-/add-stream-1.0.0.tgz#6a7990437ca736d5e1288db92bd3266d5f5cb2aa"
  integrity sha512-qQLMr+8o0WC4FZGQTcJiKBVC59JylcPSrTtk6usvmIDFUOCKegapy1VHQwRbFMOFyb/inzUVqHs+eMYKDM1YeQ==

array-ify@^1.0.0:
  version "1.0.0"
  resolved "https://registry.yarnpkg.com/array-ify/-/array-ify-1.0.0.tgz#9e528762b4a9066ad163a6962a364418e9626ece"
  integrity sha512-c5AMf34bKdvPhQ7tBGhqkgKNUzMr4WUs+WDtC2ZUGOUncbxKMTvqxYctiseW3+L4bA8ec+GcZ6/A/FW4m8ukng==

chevrotain-allstar@0.3.1:
  version "0.3.1"
  resolved "https://registry.yarnpkg.com/chevrotain-allstar/-/chevrotain-allstar-0.3.1.tgz#b7412755f5d83cc139ab65810cdb00d8db40e6ca"
  integrity sha512-b7g+y9A0v4mxCW1qUhf3BSVPg+/NvGErk/dOkrDaHA0nQIQGAtrOjlX//9OQtRlSCy+x9rfB5N8yC71lH1nvMw==
  dependencies:
    lodash-es "^4.17.21"

chevrotain@11.0.3:
  version "11.0.3"
  resolved "https://registry.yarnpkg.com/chevrotain/-/chevrotain-11.0.3.tgz#88ffc1fb4b5739c715807eaeedbbf200e202fc1b"
  integrity sha512-ci2iJH6LeIkvP9eJW6gpueU8cnZhv85ELY8w8WiFtNjMHA5ad6pQLaJo9mEly/9qUyCpvqX8/POVUTf18/HFdw==
  dependencies:
    "@chevrotain/cst-dts-gen" "11.0.3"
    "@chevrotain/gast" "11.0.3"
    "@chevrotain/regexp-to-ast" "11.0.3"
    "@chevrotain/types" "11.0.3"
    "@chevrotain/utils" "11.0.3"
    lodash-es "4.17.21"

compare-func@^2.0.0:
  version "2.0.0"
  resolved "https://registry.yarnpkg.com/compare-func/-/compare-func-2.0.0.tgz#fb65e75edbddfd2e568554e8b5b05fff7a51fcb3"
  integrity sha512-zHig5N+tPWARooBnb0Zx1MFcdfpyJrfTJ3Y5L+IFvUm8rM74hHz66z0gw0x4tijh5CorKkKUCnW82R2vmpeCRA==
  dependencies:
    array-ify "^1.0.0"
    dot-prop "^5.1.0"

conventional-changelog-angular@^8.0.0:
  version "8.0.0"
  resolved "https://registry.yarnpkg.com/conventional-changelog-angular/-/conventional-changelog-angular-8.0.0.tgz#5701386850f0e0c2e630b43ee7821d322d87e7a6"
  integrity sha512-CLf+zr6St0wIxos4bmaKHRXWAcsCXrJU6F4VdNDrGRK3B8LDLKoX3zuMV5GhtbGkVR/LohZ6MT6im43vZLSjmA==
  dependencies:
    compare-func "^2.0.0"

conventional-changelog-atom@^5.0.0:
  version "5.0.0"
  resolved "https://registry.yarnpkg.com/conventional-changelog-atom/-/conventional-changelog-atom-5.0.0.tgz#f3e06e06244bd0aef2e5f09ed590933d948e809c"
  integrity sha512-WfzCaAvSCFPkznnLgLnfacRAzjgqjLUjvf3MftfsJzQdDICqkOOpcMtdJF3wTerxSpv2IAAjX8doM3Vozqle3g==

conventional-changelog-cli@^5.0.0:
  version "5.0.0"
  resolved "https://registry.yarnpkg.com/conventional-changelog-cli/-/conventional-changelog-cli-5.0.0.tgz#feda8f20873347f73042a810db1c03377c39068d"
  integrity sha512-9Y8fucJe18/6ef6ZlyIlT2YQUbczvoQZZuYmDLaGvcSBP+M6h+LAvf7ON7waRxKJemcCII8Yqu5/8HEfskTxJQ==
  dependencies:
    add-stream "^1.0.0"
    conventional-changelog "^6.0.0"
    meow "^13.0.0"
    tempfile "^5.0.0"

conventional-changelog-codemirror@^5.0.0:
  version "5.0.0"
  resolved "https://registry.yarnpkg.com/conventional-changelog-codemirror/-/conventional-changelog-codemirror-5.0.0.tgz#994ced326cf358c5e549f5ac59bf3f8cdc09f783"
  integrity sha512-8gsBDI5Y3vrKUCxN6Ue8xr6occZ5nsDEc4C7jO/EovFGozx8uttCAyfhRrvoUAWi2WMm3OmYs+0mPJU7kQdYWQ==

conventional-changelog-conventionalcommits@^8.0.0:
  version "8.0.0"
  resolved "https://registry.yarnpkg.com/conventional-changelog-conventionalcommits/-/conventional-changelog-conventionalcommits-8.0.0.tgz#3fa2857c878701e7f0329db5a1257cb218f166fe"
  integrity sha512-eOvlTO6OcySPyyyk8pKz2dP4jjElYunj9hn9/s0OB+gapTO8zwS9UQWrZ1pmF2hFs3vw1xhonOLGcGjy/zgsuA==
  dependencies:
    compare-func "^2.0.0"

conventional-changelog-core@^8.0.0:
  version "8.0.0"
  resolved "https://registry.yarnpkg.com/conventional-changelog-core/-/conventional-changelog-core-8.0.0.tgz#5166eea9ef58a659fc97b065525f4499a0d3f311"
  integrity sha512-EATUx5y9xewpEe10UEGNpbSHRC6cVZgO+hXQjofMqpy+gFIrcGvH3Fl6yk2VFKh7m+ffenup2N7SZJYpyD9evw==
  dependencies:
    "@hutson/parse-repository-url" "^5.0.0"
    add-stream "^1.0.0"
    conventional-changelog-writer "^8.0.0"
    conventional-commits-parser "^6.0.0"
    git-raw-commits "^5.0.0"
    git-semver-tags "^8.0.0"
    hosted-git-info "^7.0.0"
    normalize-package-data "^6.0.0"
    read-package-up "^11.0.0"
    read-pkg "^9.0.0"

conventional-changelog-ember@^5.0.0:
  version "5.0.0"
  resolved "https://registry.yarnpkg.com/conventional-changelog-ember/-/conventional-changelog-ember-5.0.0.tgz#cca926a68aa9bc2a6370b211906b1dea82564567"
  integrity sha512-RPflVfm5s4cSO33GH/Ey26oxhiC67akcxSKL8CLRT3kQX2W3dbE19sSOM56iFqUJYEwv9mD9r6k79weWe1urfg==

conventional-changelog-eslint@^6.0.0:
  version "6.0.0"
  resolved "https://registry.yarnpkg.com/conventional-changelog-eslint/-/conventional-changelog-eslint-6.0.0.tgz#9d37abcf6ade84031ce01093be7447f2cd73098b"
  integrity sha512-eiUyULWjzq+ybPjXwU6NNRflApDWlPEQEHvI8UAItYW/h22RKkMnOAtfCZxMmrcMO1OKUWtcf2MxKYMWe9zJuw==

conventional-changelog-express@^5.0.0:
  version "5.0.0"
  resolved "https://registry.yarnpkg.com/conventional-changelog-express/-/conventional-changelog-express-5.0.0.tgz#e08fb0f2c27bc5319ce7d8e78c9e9fb99ae1feb5"
  integrity sha512-D8Q6WctPkQpvr2HNCCmwU5GkX22BVHM0r4EW8vN0230TSyS/d6VQJDAxGb84lbg0dFjpO22MwmsikKL++Oo/oQ==

conventional-changelog-jquery@^6.0.0:
  version "6.0.0"
  resolved "https://registry.yarnpkg.com/conventional-changelog-jquery/-/conventional-changelog-jquery-6.0.0.tgz#5b6bd8b4a720363dc6c2162a3f751961c55256b0"
  integrity sha512-2kxmVakyehgyrho2ZHBi90v4AHswkGzHuTaoH40bmeNqUt20yEkDOSpw8HlPBfvEQBwGtbE+5HpRwzj6ac2UfA==

conventional-changelog-jshint@^5.0.0:
  version "5.0.0"
  resolved "https://registry.yarnpkg.com/conventional-changelog-jshint/-/conventional-changelog-jshint-5.0.0.tgz#42bcc629b9c75bb118364754d120ae49fd742b85"
  integrity sha512-gGNphSb/opc76n2eWaO6ma4/Wqu3tpa2w7i9WYqI6Cs2fncDSI2/ihOfMvXveeTTeld0oFvwMVNV+IYQIk3F3g==
  dependencies:
    compare-func "^2.0.0"

conventional-changelog-preset-loader@^5.0.0:
  version "5.0.0"
  resolved "https://registry.yarnpkg.com/conventional-changelog-preset-loader/-/conventional-changelog-preset-loader-5.0.0.tgz#922ad617c13ad3243bef967cfc0f8373893c216d"
  integrity sha512-SetDSntXLk8Jh1NOAl1Gu5uLiCNSYenB5tm0YVeZKePRIgDW9lQImromTwLa3c/Gae298tsgOM+/CYT9XAl0NA==

conventional-changelog-writer@^8.0.0:
  version "8.0.0"
  resolved "https://registry.yarnpkg.com/conventional-changelog-writer/-/conventional-changelog-writer-8.0.0.tgz#81522ed40400a4ca8ab78a42794aae9667c745ae"
  integrity sha512-TQcoYGRatlAnT2qEWDON/XSfnVG38JzA7E0wcGScu7RElQBkg9WWgZd1peCWFcWDh1xfb2CfsrcvOn1bbSzztA==
  dependencies:
    "@types/semver" "^7.5.5"
    conventional-commits-filter "^5.0.0"
    handlebars "^4.7.7"
    meow "^13.0.0"
    semver "^7.5.2"

conventional-changelog@^6.0.0:
  version "6.0.0"
  resolved "https://registry.yarnpkg.com/conventional-changelog/-/conventional-changelog-6.0.0.tgz#ef941d2fde727be20e0f3a342e4e3b235d6e8663"
  integrity sha512-tuUH8H/19VjtD9Ig7l6TQRh+Z0Yt0NZ6w/cCkkyzUbGQTnUEmKfGtkC9gGfVgCfOL1Rzno5NgNF4KY8vR+Jo3w==
  dependencies:
    conventional-changelog-angular "^8.0.0"
    conventional-changelog-atom "^5.0.0"
    conventional-changelog-codemirror "^5.0.0"
    conventional-changelog-conventionalcommits "^8.0.0"
    conventional-changelog-core "^8.0.0"
    conventional-changelog-ember "^5.0.0"
    conventional-changelog-eslint "^6.0.0"
    conventional-changelog-express "^5.0.0"
    conventional-changelog-jquery "^6.0.0"
    conventional-changelog-jshint "^5.0.0"
    conventional-changelog-preset-loader "^5.0.0"

conventional-commits-filter@^5.0.0:
  version "5.0.0"
  resolved "https://registry.yarnpkg.com/conventional-commits-filter/-/conventional-commits-filter-5.0.0.tgz#72811f95d379e79d2d39d5c0c53c9351ef284e86"
  integrity sha512-tQMagCOC59EVgNZcC5zl7XqO30Wki9i9J3acbUvkaosCT6JX3EeFwJD7Qqp4MCikRnzS18WXV3BLIQ66ytu6+Q==

conventional-commits-parser@^6.0.0:
  version "6.0.0"
  resolved "https://registry.yarnpkg.com/conventional-commits-parser/-/conventional-commits-parser-6.0.0.tgz#74e3be5344d8cd99f7c3353da2efa1d1dd618061"
  integrity sha512-TbsINLp48XeMXR8EvGjTnKGsZqBemisPoyWESlpRyR8lif0lcwzqz+NMtYSj1ooF/WYjSuu7wX0CtdeeMEQAmA==
  dependencies:
    meow "^13.0.0"

dot-prop@^5.1.0:
  version "5.3.0"
  resolved "https://registry.yarnpkg.com/dot-prop/-/dot-prop-5.3.0.tgz#90ccce708cd9cd82cc4dc8c3ddd9abdd55b20e88"
  integrity sha512-QM8q3zDe58hqUqjraQOmzZ1LIH9SWQJTlEKCH4kJ2oQvLZk7RbQXvtDM2XEq3fwkV9CCvvH4LA0AV+ogFsBM2Q==
  dependencies:
    is-obj "^2.0.0"

find-up-simple@^1.0.0:
  version "1.0.0"
  resolved "https://registry.yarnpkg.com/find-up-simple/-/find-up-simple-1.0.0.tgz#21d035fde9fdbd56c8f4d2f63f32fd93a1cfc368"
  integrity sha512-q7Us7kcjj2VMePAa02hDAF6d+MzsdsAWEwYyOpwUtlerRBkOEPBCRZrAV4XfcSN8fHAgaD0hP7miwoay6DCprw==

git-raw-commits@^5.0.0:
  version "5.0.0"
  resolved "https://registry.yarnpkg.com/git-raw-commits/-/git-raw-commits-5.0.0.tgz#38af4301e70c17be03fec01a37a6cd90ce0db04e"
  integrity sha512-I2ZXrXeOc0KrCvC7swqtIFXFN+rbjnC7b2T943tvemIOVNl+XP8YnA9UVwqFhzzLClnSA60KR/qEjLpXzs73Qg==
  dependencies:
    "@conventional-changelog/git-client" "^1.0.0"
    meow "^13.0.0"

git-semver-tags@^8.0.0:
  version "8.0.0"
  resolved "https://registry.yarnpkg.com/git-semver-tags/-/git-semver-tags-8.0.0.tgz#745ee2d934f74c70014d0ed617e18f4712950e32"
  integrity sha512-N7YRIklvPH3wYWAR2vysaqGLPRcpwQ0GKdlqTiVN5w1UmCdaeY3K8s6DMKRCh54DDdzyt/OAB6C8jgVtb7Y2Fg==
  dependencies:
    "@conventional-changelog/git-client" "^1.0.0"
    meow "^13.0.0"

handlebars@^4.7.7:
  version "4.7.8"
  resolved "https://registry.yarnpkg.com/handlebars/-/handlebars-4.7.8.tgz#41c42c18b1be2365439188c77c6afae71c0cd9e9"
  integrity sha512-vafaFqs8MZkRrSX7sFVUdo3ap/eNiLnb4IakshzvP56X5Nr1iGKAIqdX6tMlm6HcNRIkr6AxO5jFEoJzzpT8aQ==
  dependencies:
    minimist "^1.2.5"
    neo-async "^2.6.2"
    source-map "^0.6.1"
    wordwrap "^1.0.0"
  optionalDependencies:
    uglify-js "^3.1.4"

hosted-git-info@^7.0.0:
  version "7.0.2"
  resolved "https://registry.yarnpkg.com/hosted-git-info/-/hosted-git-info-7.0.2.tgz#9b751acac097757667f30114607ef7b661ff4f17"
  integrity sha512-puUZAUKT5m8Zzvs72XWy3HtvVbTWljRE66cP60bxJzAqf2DgICo7lYTY2IHUmLnNpjYvw5bvmoHvPc0QO2a62w==
  dependencies:
    lru-cache "^10.0.1"

index-to-position@^0.1.2:
  version "0.1.2"
  resolved "https://registry.yarnpkg.com/index-to-position/-/index-to-position-0.1.2.tgz#e11bfe995ca4d8eddb1ec43274488f3c201a7f09"
  integrity sha512-MWDKS3AS1bGCHLBA2VLImJz42f7bJh8wQsTGCzI3j519/CASStoDONUBVz2I/VID0MpiX3SGSnbOD2xUalbE5g==

is-obj@^2.0.0:
  version "2.0.0"
  resolved "https://registry.yarnpkg.com/is-obj/-/is-obj-2.0.0.tgz#473fb05d973705e3fd9620545018ca8e22ef4982"
  integrity sha512-drqDG3cbczxxEJRoOXcOjtdp1J/lyp1mNn0xaznRs8+muBhgQcrnbspox5X5fOw0HnMnbfDzvnEMEtqDEJEo8w==

java-parser@2.3.2:
  version "2.3.2"
  resolved "https://registry.yarnpkg.com/java-parser/-/java-parser-2.3.2.tgz#9a930dfb397a9ada0bb1e8a18a9086eb65f2adf8"
  integrity sha512-/O42UbEHy3VVJw8W0ruHkQjW75oWvQx4QisoUDRIGir6q3/IZ4JslDMPMYEqp7LU56PYJkH5uXdQiBaCXt/Opw==
  dependencies:
    chevrotain "11.0.3"
    chevrotain-allstar "0.3.1"
    lodash "4.17.21"

js-tokens@^4.0.0:
  version "4.0.0"
  resolved "https://registry.yarnpkg.com/js-tokens/-/js-tokens-4.0.0.tgz#19203fb59991df98e3a287050d4647cdeaf32499"
  integrity sha512-RdJUflcE3cUzKiMqQgsCu06FPu9UdIJO0beYbPhHN4k6apgJtifcoCtT9bcxOpYBtpD2kCM6Sbzg4CausW/PKQ==

lodash-es@4.17.21, lodash-es@^4.17.21:
  version "4.17.21"
  resolved "https://registry.yarnpkg.com/lodash-es/-/lodash-es-4.17.21.tgz#43e626c46e6591b7750beb2b50117390c609e3ee"
  integrity sha512-mKnC+QJ9pWVzv+C4/U3rRsHapFfHvQFoFB92e52xeyGMcX6/OlIl78je1u8vePzYZSkkogMPJ2yjxxsb89cxyw==

lodash@4.17.21:
  version "4.17.21"
  resolved "https://registry.yarnpkg.com/lodash/-/lodash-4.17.21.tgz#679591c564c3bffaae8454cf0b3df370c3d6911c"
  integrity sha512-v2kDEe57lecTulaDIuNTPy3Ry4gLGJ6Z1O3vE1krgXZNrsQ+LFTGHVxVjcXPs17LhbZVGedAJv8XZ1tvj5FvSg==

lru-cache@^10.0.1:
  version "10.4.3"
  resolved "https://registry.yarnpkg.com/lru-cache/-/lru-cache-10.4.3.tgz#410fc8a17b70e598013df257c2446b7f3383f119"
  integrity sha512-JNAzZcXrCt42VGLuYz0zfAzDfAvJWW6AfYlDBQyDV5DClI2m5sAmK+OIO7s59XfsRsWHp02jAJrRadPRGTt6SQ==

meow@^13.0.0:
  version "13.2.0"
  resolved "https://registry.yarnpkg.com/meow/-/meow-13.2.0.tgz#6b7d63f913f984063b3cc261b6e8800c4cd3474f"
  integrity sha512-pxQJQzB6djGPXh08dacEloMFopsOqGVRKFPYvPOt9XDZ1HasbgDZA74CJGreSU4G3Ak7EFJGoiH2auq+yXISgA==

minimist@^1.2.5:
  version "1.2.8"
  resolved "https://registry.yarnpkg.com/minimist/-/minimist-1.2.8.tgz#c1a464e7693302e082a075cee0c057741ac4772c"
  integrity sha512-2yyAR8qBkN3YuheJanUpWC5U3bb5osDywNB8RzDVlDwDHbocAJveqqj1u8+SVD7jkWT4yvsHCpWqqWqAxb0zCA==

neo-async@^2.6.2:
  version "2.6.2"
  resolved "https://registry.yarnpkg.com/neo-async/-/neo-async-2.6.2.tgz#b4aafb93e3aeb2d8174ca53cf163ab7d7308305f"
  integrity sha512-Yd3UES5mWCSqR+qNT93S3UoYUkqAZ9lLg8a7g9rimsWmYGK8cVToA4/sF3RrshdyV3sAGMXVUmpMYOw+dLpOuw==

normalize-package-data@^6.0.0:
  version "6.0.2"
  resolved "https://registry.yarnpkg.com/normalize-package-data/-/normalize-package-data-6.0.2.tgz#a7bc22167fe24025412bcff0a9651eb768b03506"
  integrity sha512-V6gygoYb/5EmNI+MEGrWkC+e6+Rr7mTmfHrxDbLzxQogBkgzo76rkok0Am6thgSF7Mv2nLOajAJj5vDJZEFn7g==
  dependencies:
    hosted-git-info "^7.0.0"
    semver "^7.3.5"
    validate-npm-package-license "^3.0.4"

parse-json@^8.0.0:
  version "8.1.0"
  resolved "https://registry.yarnpkg.com/parse-json/-/parse-json-8.1.0.tgz#91cdc7728004e955af9cb734de5684733b24a717"
  integrity sha512-rum1bPifK5SSar35Z6EKZuYPJx85pkNaFrxBK3mwdfSJ1/WKbYrjoW/zTPSjRRamfmVX1ACBIdFAO0VRErW/EA==
  dependencies:
    "@babel/code-frame" "^7.22.13"
    index-to-position "^0.1.2"
    type-fest "^4.7.1"

picocolors@^1.0.0:
  version "1.1.1"
  resolved "https://registry.yarnpkg.com/picocolors/-/picocolors-1.1.1.tgz#3d321af3eab939b083c8f929a1d12cda81c26b6b"
  integrity sha512-xceH2snhtb5M9liqDsmEw56le376mTZkEX/jEb/RxNFyegNul7eNslCXP9FDj/Lcu0X8KEyMceP2ntpaHrDEVA==

prettier-plugin-java@^2.5.0:
  version "2.6.5"
  resolved "https://registry.yarnpkg.com/prettier-plugin-java/-/prettier-plugin-java-2.6.5.tgz#b8c1ab70fc118675eb69b90212e34a5bc86c22aa"
  integrity sha512-2RkPNXyYpP5dRhr04pz45n+e5LXwYWTh1JXrztiCkZTGGokIGYrfwUuGa8csnDoGbP6CDPgVm8zZSIm/9I0SRQ==
  dependencies:
    java-parser "2.3.2"
    lodash "4.17.21"
    prettier "3.2.5"

prettier@3.2.5:
  version "3.2.5"
  resolved "https://registry.yarnpkg.com/prettier/-/prettier-3.2.5.tgz#e52bc3090586e824964a8813b09aba6233b28368"
  integrity sha512-3/GWa9aOC0YeD7LUfvOG2NiDyhOWRvt1k+rcKhOuYnMY24iiCphgneUfJDyFXd6rZCAnuLBv6UeAULtrhT/F4A==

prettier@^3.2.5:
  version "3.3.3"
  resolved "https://registry.yarnpkg.com/prettier/-/prettier-3.3.3.tgz#30c54fe0be0d8d12e6ae61dbb10109ea00d53105"
  integrity sha512-i2tDNA0O5IrMO757lfrdQZCc2jPNDVntV0m/+4whiDfWaTKfMNgR7Qz0NAeGz/nRqF4m5/6CLzbP4/liHt12Ew==

read-package-up@^11.0.0:
  version "11.0.0"
  resolved "https://registry.yarnpkg.com/read-package-up/-/read-package-up-11.0.0.tgz#71fb879fdaac0e16891e6e666df22de24a48d5ba"
  integrity sha512-MbgfoNPANMdb4oRBNg5eqLbB2t2r+o5Ua1pNt8BqGp4I0FJZhuVSOj3PaBPni4azWuSzEdNn2evevzVmEk1ohQ==
  dependencies:
    find-up-simple "^1.0.0"
    read-pkg "^9.0.0"
    type-fest "^4.6.0"

read-pkg@^9.0.0:
  version "9.0.1"
  resolved "https://registry.yarnpkg.com/read-pkg/-/read-pkg-9.0.1.tgz#b1b81fb15104f5dbb121b6bbdee9bbc9739f569b"
  integrity sha512-9viLL4/n1BJUCT1NXVTdS1jtm80yDEgR5T4yCelII49Mbj0v1rZdKqj7zCiYdbB0CuCgdrvHcNogAKTFPBocFA==
  dependencies:
    "@types/normalize-package-data" "^2.4.3"
    normalize-package-data "^6.0.0"
    parse-json "^8.0.0"
    type-fest "^4.6.0"
    unicorn-magic "^0.1.0"

semver@^7.3.5, semver@^7.5.2:
  version "7.6.3"
  resolved "https://registry.yarnpkg.com/semver/-/semver-7.6.3.tgz#980f7b5550bc175fb4dc09403085627f9eb33143"
  integrity sha512-oVekP1cKtI+CTDvHWYFUcMtsK/00wmAEfyqKfNdARm8u1wNVhSgaX7A8d4UuIlUI5e84iEwOhs7ZPYRmzU9U6A==

source-map@^0.6.1:
  version "0.6.1"
  resolved "https://registry.yarnpkg.com/source-map/-/source-map-0.6.1.tgz#74722af32e9614e9c287a8d0bbde48b5e2f1a263"
  integrity sha512-UjgapumWlbMhkBgzT7Ykc5YXUT46F0iKu8SGXq0bcwP5dz/h0Plj6enJqjz1Zbq2l5WaqYnrVbwWOWMyF3F47g==

spdx-correct@^3.0.0:
  version "3.2.0"
  resolved "https://registry.yarnpkg.com/spdx-correct/-/spdx-correct-3.2.0.tgz#4f5ab0668f0059e34f9c00dce331784a12de4e9c"
  integrity sha512-kN9dJbvnySHULIluDHy32WHRUu3Og7B9sbY7tsFLctQkIqnMh3hErYgdMjTYuqmcXX+lK5T1lnUt3G7zNswmZA==
  dependencies:
    spdx-expression-parse "^3.0.0"
    spdx-license-ids "^3.0.0"

spdx-exceptions@^2.1.0:
  version "2.5.0"
  resolved "https://registry.yarnpkg.com/spdx-exceptions/-/spdx-exceptions-2.5.0.tgz#5d607d27fc806f66d7b64a766650fa890f04ed66"
  integrity sha512-PiU42r+xO4UbUS1buo3LPJkjlO7430Xn5SVAhdpzzsPHsjbYVflnnFdATgabnLude+Cqu25p6N+g2lw/PFsa4w==

spdx-expression-parse@^3.0.0:
  version "3.0.1"
  resolved "https://registry.yarnpkg.com/spdx-expression-parse/-/spdx-expression-parse-3.0.1.tgz#cf70f50482eefdc98e3ce0a6833e4a53ceeba679"
  integrity sha512-cbqHunsQWnJNE6KhVSMsMeH5H/L9EpymbzqTQ3uLwNCLZ1Q481oWaofqH7nO6V07xlXwY6PhQdQ2IedWx/ZK4Q==
  dependencies:
    spdx-exceptions "^2.1.0"
    spdx-license-ids "^3.0.0"

spdx-license-ids@^3.0.0:
  version "3.0.20"
  resolved "https://registry.yarnpkg.com/spdx-license-ids/-/spdx-license-ids-3.0.20.tgz#e44ed19ed318dd1e5888f93325cee800f0f51b89"
  integrity sha512-jg25NiDV/1fLtSgEgyvVyDunvaNHbuwF9lfNV17gSmPFAlYzdfNBlLtLzXTevwkPj7DhGbmN9VnmJIgLnhvaBw==

temp-dir@^3.0.0:
  version "3.0.0"
  resolved "https://registry.yarnpkg.com/temp-dir/-/temp-dir-3.0.0.tgz#7f147b42ee41234cc6ba3138cd8e8aa2302acffa"
  integrity sha512-nHc6S/bwIilKHNRgK/3jlhDoIHcp45YgyiwcAk46Tr0LfEqGBVpmiAyuiuxeVE44m3mXnEeVhaipLOEWmH+Njw==

tempfile@^5.0.0:
  version "5.0.0"
  resolved "https://registry.yarnpkg.com/tempfile/-/tempfile-5.0.0.tgz#40c141e441709fe2d9c17c138e81d4c33fbc9e03"
  integrity sha512-bX655WZI/F7EoTDw9JvQURqAXiPHi8o8+yFxPF2lWYyz1aHnmMRuXWqL6YB6GmeO0o4DIYWHLgGNi/X64T+X4Q==
  dependencies:
    temp-dir "^3.0.0"

type-fest@^4.6.0, type-fest@^4.7.1:
  version "4.26.1"
  resolved "https://registry.yarnpkg.com/type-fest/-/type-fest-4.26.1.tgz#a4a17fa314f976dd3e6d6675ef6c775c16d7955e"
  integrity sha512-yOGpmOAL7CkKe/91I5O3gPICmJNLJ1G4zFYVAsRHg7M64biSnPtRj0WNQt++bRkjYOqjWXrhnUw1utzmVErAdg==

uglify-js@^3.1.4:
  version "3.19.3"
  resolved "https://registry.yarnpkg.com/uglify-js/-/uglify-js-3.19.3.tgz#82315e9bbc6f2b25888858acd1fff8441035b77f"
  integrity sha512-v3Xu+yuwBXisp6QYTcH4UbH+xYJXqnq2m/LtQVWKWzYc1iehYnLixoQDN9FH6/j9/oybfd6W9Ghwkl8+UMKTKQ==

unicorn-magic@^0.1.0:
  version "0.1.0"
  resolved "https://registry.yarnpkg.com/unicorn-magic/-/unicorn-magic-0.1.0.tgz#1bb9a51c823aaf9d73a8bfcd3d1a23dde94b0ce4"
  integrity sha512-lRfVq8fE8gz6QMBuDM6a+LO3IAzTi05H6gCVaUpir2E1Rwpo4ZUog45KpNXKC/Mn3Yb9UDuHumeFTo9iV/D9FQ==

validate-npm-package-license@^3.0.4:
  version "3.0.4"
  resolved "https://registry.yarnpkg.com/validate-npm-package-license/-/validate-npm-package-license-3.0.4.tgz#fc91f6b9c7ba15c857f4cb2c5defeec39d4f410a"
  integrity sha512-DpKm2Ui/xN7/HQKCtpZxoRWBhZ9Z0kqtygG8XCgNQ8ZlDnxuQmWhj566j8fN4Cu3/JmbhsDo7fcAJq4s9h27Ew==
  dependencies:
    spdx-correct "^3.0.0"
    spdx-expression-parse "^3.0.0"

wordwrap@^1.0.0:
  version "1.0.0"
  resolved "https://registry.yarnpkg.com/wordwrap/-/wordwrap-1.0.0.tgz#27584810891456a4171c8d0226441ade90cbcaeb"
  integrity sha512-gvVzJFlPycKc5dZN4yPkP8w7Dc37BtP1yczEneOb4uq34pXZcvrtRTmWV8W+Ume+XCxKgbjM+nevkyFPMybd4Q==
